
Microsoft Visual Studio Solution File, Format Version 12.00
# Visual Studio Version 17
VisualStudioVersion = 17.8.34330.188
MinimumVisualStudioVersion = 10.0.40219.1
Project("{FAE04EC0-301F-11D3-BF4B-00C04F79EFBC}") = "PhaseEndProject1", "PhaseEndProject1\PhaseEndProject1.csproj", "{F4C6F149-16FC-4121-8C45-20806BF304FD}"
EndProject
Global
	GlobalSection(SolutionConfigurationPlatforms) = preSolution
		Debug|Any CPU = Debug|Any CPU
		Release|Any CPU = Release|Any CPU
	EndGlobalSection
	GlobalSection(ProjectConfigurationPlatforms) = postSolution
		{F4C6F149-16FC-4121-8C45-20806BF304FD}.Debug|Any CPU.ActiveCfg = Debug|Any CPU
		{F4C6F149-16FC-4121-8C45-20806BF304FD}.Debug|Any CPU.Build.0 = Debug|Any CPU
		{F4C6F149-16FC-4121-8C45-20806BF304FD}.Release|Any CPU.ActiveCfg = Release|Any CPU
		{F4C6F149-16FC-4121-8C45-20806BF304FD}.Release|Any CPU.Build.0 = Release|Any CPU
	EndGlobalSection
	GlobalSection(SolutionProperties) = preSolution
		HideSolutionNode = FALSE
	EndGlobalSection
	GlobalSection(ExtensibilityGlobals) = postSolution
		SolutionGuid = {4D8C0826-8898-4233-813B-88E4AF09FE1B}
	EndGlobalSection
EndGlobal
